
Microsoft Visual Studio Solution File, Format Version 12.00
# Visual Studio Version 16
VisualStudioVersion = 16.0.32228.343
MinimumVisualStudioVersion = 10.0.40219.1
Project("{9A19103F-16F7-4668-BE54-9A1E7A4F7556}") = "OnboardCustomer.Api", "OnboardCustomer.Api\OnboardCustomer.Api.csproj", "{3E8A75CC-0A71-47C5-9654-92AFBF23B577}"
EndProject
Project("{9A19103F-16F7-4668-BE54-9A1E7A4F7556}") = "OnboardCustomer.Api.Test", "OnboardCustomer.Api.Test\OnboardCustomer.Api.Test.csproj", "{DEE7C4D9-EC6C-420E-BEE2-7BBBBE073496}"
EndProject
Project("{E53339B2-1760-4266-BCC7-CA923CBCF16C}") = "docker-compose", "docker-compose.dcproj", "{A065FC13-99D7-4086-A400-37E3D52EF2B5}"
EndProject
Global
	GlobalSection(SolutionConfigurationPlatforms) = preSolution
		Debug|Any CPU = Debug|Any CPU
		Release|Any CPU = Release|Any CPU
	EndGlobalSection
	GlobalSection(ProjectConfigurationPlatforms) = postSolution
		{3E8A75CC-0A71-47C5-9654-92AFBF23B577}.Debug|Any CPU.ActiveCfg = Debug|Any CPU
		{3E8A75CC-0A71-47C5-9654-92AFBF23B577}.Debug|Any CPU.Build.0 = Debug|Any CPU
		{3E8A75CC-0A71-47C5-9654-92AFBF23B577}.Release|Any CPU.ActiveCfg = Release|Any CPU
		{3E8A75CC-0A71-47C5-9654-92AFBF23B577}.Release|Any CPU.Build.0 = Release|Any CPU
		{DEE7C4D9-EC6C-420E-BEE2-7BBBBE073496}.Debug|Any CPU.ActiveCfg = Debug|Any CPU
		{DEE7C4D9-EC6C-420E-BEE2-7BBBBE073496}.Debug|Any CPU.Build.0 = Debug|Any CPU
		{DEE7C4D9-EC6C-420E-BEE2-7BBBBE073496}.Release|Any CPU.ActiveCfg = Release|Any CPU
		{DEE7C4D9-EC6C-420E-BEE2-7BBBBE073496}.Release|Any CPU.Build.0 = Release|Any CPU
		{A065FC13-99D7-4086-A400-37E3D52EF2B5}.Debug|Any CPU.ActiveCfg = Debug|Any CPU
		{A065FC13-99D7-4086-A400-37E3D52EF2B5}.Debug|Any CPU.Build.0 = Debug|Any CPU
		{A065FC13-99D7-4086-A400-37E3D52EF2B5}.Release|Any CPU.ActiveCfg = Release|Any CPU
		{A065FC13-99D7-4086-A400-37E3D52EF2B5}.Release|Any CPU.Build.0 = Release|Any CPU
	EndGlobalSection
	GlobalSection(SolutionProperties) = preSolution
		HideSolutionNode = FALSE
	EndGlobalSection
	GlobalSection(ExtensibilityGlobals) = postSolution
		SolutionGuid = {21D8F58B-3C44-4DB6-A5E9-3C8EF857510B}
	EndGlobalSection
EndGlobal
